
Microsoft Visual Studio Solution File, Format Version 12.00
# Visual Studio 14
VisualStudioVersion = 14.0.25420.1
MinimumVisualStudioVersion = 10.0.40219.1
Project("{FAE04EC0-301F-11D3-BF4B-00C04F79EFBC}") = "CenturiesToMinutes", "CenturiesToMinutes\CenturiesToMinutes.csproj", "{BD45EC1C-AF41-42DC-9C99-24D5A56BF484}"
EndProject
Project("{FAE04EC0-301F-11D3-BF4B-00C04F79EFBC}") = "CircleArea12DigitPrecision", "CircleArea12DigitPrecision\CircleArea12DigitPrecision.csproj", "{5F6CBC86-9E1B-4F08-B074-C944C031C087}"
EndProject
Project("{FAE04EC0-301F-11D3-BF4B-00C04F79EFBC}") = "ExactSumOfRealNumbers", "ExactSumOfRealNumbers\ExactSumOfRealNumbers.csproj", "{0C6C422A-F223-40DD-831A-2E894434CCCE}"
EndProject
Project("{FAE04EC0-301F-11D3-BF4B-00C04F79EFBC}") = "TimeSinceBirthday", "TimeSinceBirthday\TimeSinceBirthday.csproj", "{2D7F4B17-75EB-4D9D-9B1D-B015D77FD99E}"
EndProject
Project("{FAE04EC0-301F-11D3-BF4B-00C04F79EFBC}") = "SpecialNumbers", "SpecialNumbers\SpecialNumbers.csproj", "{6F0090D0-D9E6-46BC-B92D-80296EB224D8}"
EndProject
Project("{FAE04EC0-301F-11D3-BF4B-00C04F79EFBC}") = "TriplesOfLatinLetters", "TriplesOfLatinLetters\TriplesOfLatinLetters.csproj", "{5AD25015-F880-486B-96F2-15FA489E3BDA}"
EndProject
Project("{FAE04EC0-301F-11D3-BF4B-00C04F79EFBC}") = "Greeting", "Greeting\Greeting.csproj", "{0FC466A2-064C-4A9F-95FC-F7CAFBD1D3E6}"
EndProject
Project("{FAE04EC0-301F-11D3-BF4B-00C04F79EFBC}") = "RefactorVolumeOfRectangularPyramid", "RefactorVolumeOfPyramid\RefactorVolumeOfRectangularPyramid.csproj", "{47AE15E6-41FA-4F9C-949A-CF5049BE74A0}"
EndProject
Project("{FAE04EC0-301F-11D3-BF4B-00C04F79EFBC}") = "RefactorSpecialNumbers", "RefactorSpecialNumbers\RefactorSpecialNumbers.csproj", "{B65CF821-E36F-4291-A8CB-4F8E315F52C0}"
EndProject
Project("{FAE04EC0-301F-11D3-BF4B-00C04F79EFBC}") = "NumeralTypesAndTypeConversion", "NumeralTypesAndTypeConversion\NumeralTypesAndTypeConversion.csproj", "{1D8448E4-94D3-43AE-AD30-E57F7210CF08}"
EndProject
Project("{FAE04EC0-301F-11D3-BF4B-00C04F79EFBC}") = "PractiseFloatingPointNumbers", "PractiseFloatingPointNumbers\PractiseFloatingPointNumbers.csproj", "{73E9DE19-B882-4B25-A881-D75391339318}"
EndProject
Project("{FAE04EC0-301F-11D3-BF4B-00C04F79EFBC}") = "ExchangeVariableValues", "ExchangeVariableValues\ExchangeVariableValues.csproj", "{30456D00-8DDC-4A3B-935E-ADB308E2ECB6}"
EndProject
Project("{FAE04EC0-301F-11D3-BF4B-00C04F79EFBC}") = "FloatOrInteger", "FloatOrInteger\FloatOrInteger.csproj", "{1FC41412-2DD1-4E2E-ABB6-0FFFE6563D03}"
EndProject
Project("{FAE04EC0-301F-11D3-BF4B-00C04F79EFBC}") = "DistanceOfTheStars", "DistanceOfTheStars\DistanceOfTheStars.csproj", "{E7B3DDA4-BD63-4867-BA97-7CCC34E7150C}"
EndProject
Project("{FAE04EC0-301F-11D3-BF4B-00C04F79EFBC}") = "IncrementVariable", "IncrementVariable\IncrementVariable.csproj", "{BF94E373-2627-43DB-95D8-CF259760135B}"
EndProject
Project("{FAE04EC0-301F-11D3-BF4B-00C04F79EFBC}") = "BlankReceipt", "BlankReceipt\BlankReceipt.csproj", "{31B1CA10-4318-486A-BF58-C774A5D1A5C8}"
EndProject
Project("{FAE04EC0-301F-11D3-BF4B-00C04F79EFBC}") = "SignOfIntegerNumber", "SignOfIntegerNumber\SignOfIntegerNumber.csproj", "{87B6CB94-6A18-4B4F-BCD3-879F0CAC7630}"
EndProject
Project("{FAE04EC0-301F-11D3-BF4B-00C04F79EFBC}") = "DrawAFilledSquare", "DrawAFilledSquare\DrawAFilledSquare.csproj", "{F202EBCE-9B3B-45D2-A9AA-9B1EF12D45AA}"
EndProject
Project("{FAE04EC0-301F-11D3-BF4B-00C04F79EFBC}") = "PrintingTriangle", "PrintingTriangle\PrintingTriangle.csproj", "{08F07FED-A1D0-435C-9D97-5985B36ECBAC}"
EndProject
Project("{FAE04EC0-301F-11D3-BF4B-00C04F79EFBC}") = "CalculateTriangleArea", "CalculateTriangleArea\CalculateTriangleArea.csproj", "{B6D4A3A5-EFD5-4E14-A03F-45ADA9F673DC}"
EndProject
Project("{FAE04EC0-301F-11D3-BF4B-00C04F79EFBC}") = "FahrenheitToCelsius", "FahrenheitToCelsius\FahrenheitToCelsius.csproj", "{5D1B15BC-9E90-4DF0-B32F-6C7ECFB28943}"
EndProject
Project("{FAE04EC0-301F-11D3-BF4B-00C04F79EFBC}") = "MathPower", "MathPower\MathPower.csproj", "{FA9FF47C-ABC1-4315-B094-2BEDEB5E879D}"
EndProject
Project("{FAE04EC0-301F-11D3-BF4B-00C04F79EFBC}") = "GreaterOfTwoValues", "GreaterOfTwoValues\GreaterOfTwoValues.csproj", "{34745B42-25CA-4097-ADCA-45392E030F3F}"
EndProject
Project("{FAE04EC0-301F-11D3-BF4B-00C04F79EFBC}") = "HolidaysBetweenTwoDates", "HolidaysBetweenTwoDates\HolidaysBetweenTwoDates.csproj", "{8125F15F-09F0-4B1D-B012-877E1AF9450E}"
EndProject
Project("{FAE04EC0-301F-11D3-BF4B-00C04F79EFBC}") = "SumArrayElements", "SumArrayElements\SumArrayElements.csproj", "{B9A0EC52-1068-4D70-9265-2243D99AA56C}"
EndProject
Global
	GlobalSection(SolutionConfigurationPlatforms) = preSolution
		Debug|Any CPU = Debug|Any CPU
		Release|Any CPU = Release|Any CPU
	EndGlobalSection
	GlobalSection(ProjectConfigurationPlatforms) = postSolution
		{BD45EC1C-AF41-42DC-9C99-24D5A56BF484}.Debug|Any CPU.ActiveCfg = Debug|Any CPU
		{BD45EC1C-AF41-42DC-9C99-24D5A56BF484}.Debug|Any CPU.Build.0 = Debug|Any CPU
		{BD45EC1C-AF41-42DC-9C99-24D5A56BF484}.Release|Any CPU.ActiveCfg = Release|Any CPU
		{BD45EC1C-AF41-42DC-9C99-24D5A56BF484}.Release|Any CPU.Build.0 = Release|Any CPU
		{5F6CBC86-9E1B-4F08-B074-C944C031C087}.Debug|Any CPU.ActiveCfg = Debug|Any CPU
		{5F6CBC86-9E1B-4F08-B074-C944C031C087}.Debug|Any CPU.Build.0 = Debug|Any CPU
		{5F6CBC86-9E1B-4F08-B074-C944C031C087}.Release|Any CPU.ActiveCfg = Release|Any CPU
		{5F6CBC86-9E1B-4F08-B074-C944C031C087}.Release|Any CPU.Build.0 = Release|Any CPU
		{0C6C422A-F223-40DD-831A-2E894434CCCE}.Debug|Any CPU.ActiveCfg = Debug|Any CPU
		{0C6C422A-F223-40DD-831A-2E894434CCCE}.Debug|Any CPU.Build.0 = Debug|Any CPU
		{0C6C422A-F223-40DD-831A-2E894434CCCE}.Release|Any CPU.ActiveCfg = Release|Any CPU
		{0C6C422A-F223-40DD-831A-2E894434CCCE}.Release|Any CPU.Build.0 = Release|Any CPU
		{2D7F4B17-75EB-4D9D-9B1D-B015D77FD99E}.Debug|Any CPU.ActiveCfg = Debug|Any CPU
		{2D7F4B17-75EB-4D9D-9B1D-B015D77FD99E}.Debug|Any CPU.Build.0 = Debug|Any CPU
		{2D7F4B17-75EB-4D9D-9B1D-B015D77FD99E}.Release|Any CPU.ActiveCfg = Release|Any CPU
		{2D7F4B17-75EB-4D9D-9B1D-B015D77FD99E}.Release|Any CPU.Build.0 = Release|Any CPU
		{6F0090D0-D9E6-46BC-B92D-80296EB224D8}.Debug|Any CPU.ActiveCfg = Debug|Any CPU
		{6F0090D0-D9E6-46BC-B92D-80296EB224D8}.Debug|Any CPU.Build.0 = Debug|Any CPU
		{6F0090D0-D9E6-46BC-B92D-80296EB224D8}.Release|Any CPU.ActiveCfg = Release|Any CPU
		{6F0090D0-D9E6-46BC-B92D-80296EB224D8}.Release|Any CPU.Build.0 = Release|Any CPU
		{5AD25015-F880-486B-96F2-15FA489E3BDA}.Debug|Any CPU.ActiveCfg = Debug|Any CPU
		{5AD25015-F880-486B-96F2-15FA489E3BDA}.Debug|Any CPU.Build.0 = Debug|Any CPU
		{5AD25015-F880-486B-96F2-15FA489E3BDA}.Release|Any CPU.ActiveCfg = Release|Any CPU
		{5AD25015-F880-486B-96F2-15FA489E3BDA}.Release|Any CPU.Build.0 = Release|Any CPU
		{0FC466A2-064C-4A9F-95FC-F7CAFBD1D3E6}.Debug|Any CPU.ActiveCfg = Debug|Any CPU
		{0FC466A2-064C-4A9F-95FC-F7CAFBD1D3E6}.Debug|Any CPU.Build.0 = Debug|Any CPU
		{0FC466A2-064C-4A9F-95FC-F7CAFBD1D3E6}.Release|Any CPU.ActiveCfg = Release|Any CPU
		{0FC466A2-064C-4A9F-95FC-F7CAFBD1D3E6}.Release|Any CPU.Build.0 = Release|Any CPU
		{47AE15E6-41FA-4F9C-949A-CF5049BE74A0}.Debug|Any CPU.ActiveCfg = Debug|Any CPU
		{47AE15E6-41FA-4F9C-949A-CF5049BE74A0}.Debug|Any CPU.Build.0 = Debug|Any CPU
		{47AE15E6-41FA-4F9C-949A-CF5049BE74A0}.Release|Any CPU.ActiveCfg = Release|Any CPU
		{47AE15E6-41FA-4F9C-949A-CF5049BE74A0}.Release|Any CPU.Build.0 = Release|Any CPU
		{B65CF821-E36F-4291-A8CB-4F8E315F52C0}.Debug|Any CPU.ActiveCfg = Debug|Any CPU
		{B65CF821-E36F-4291-A8CB-4F8E315F52C0}.Debug|Any CPU.Build.0 = Debug|Any CPU
		{B65CF821-E36F-4291-A8CB-4F8E315F52C0}.Release|Any CPU.ActiveCfg = Release|Any CPU
		{B65CF821-E36F-4291-A8CB-4F8E315F52C0}.Release|Any CPU.Build.0 = Release|Any CPU
		{1D8448E4-94D3-43AE-AD30-E57F7210CF08}.Debug|Any CPU.ActiveCfg = Debug|Any CPU
		{1D8448E4-94D3-43AE-AD30-E57F7210CF08}.Debug|Any CPU.Build.0 = Debug|Any CPU
		{1D8448E4-94D3-43AE-AD30-E57F7210CF08}.Release|Any CPU.ActiveCfg = Release|Any CPU
		{1D8448E4-94D3-43AE-AD30-E57F7210CF08}.Release|Any CPU.Build.0 = Release|Any CPU
		{73E9DE19-B882-4B25-A881-D75391339318}.Debug|Any CPU.ActiveCfg = Debug|Any CPU
		{73E9DE19-B882-4B25-A881-D75391339318}.Debug|Any CPU.Build.0 = Debug|Any CPU
		{73E9DE19-B882-4B25-A881-D75391339318}.Release|Any CPU.ActiveCfg = Release|Any CPU
		{73E9DE19-B882-4B25-A881-D75391339318}.Release|Any CPU.Build.0 = Release|Any CPU
		{30456D00-8DDC-4A3B-935E-ADB308E2ECB6}.Debug|Any CPU.ActiveCfg = Debug|Any CPU
		{30456D00-8DDC-4A3B-935E-ADB308E2ECB6}.Debug|Any CPU.Build.0 = Debug|Any CPU
		{30456D00-8DDC-4A3B-935E-ADB308E2ECB6}.Release|Any CPU.ActiveCfg = Release|Any CPU
		{30456D00-8DDC-4A3B-935E-ADB308E2ECB6}.Release|Any CPU.Build.0 = Release|Any CPU
		{1FC41412-2DD1-4E2E-ABB6-0FFFE6563D03}.Debug|Any CPU.ActiveCfg = Debug|Any CPU
		{1FC41412-2DD1-4E2E-ABB6-0FFFE6563D03}.Debug|Any CPU.Build.0 = Debug|Any CPU
		{1FC41412-2DD1-4E2E-ABB6-0FFFE6563D03}.Release|Any CPU.ActiveCfg = Release|Any CPU
		{1FC41412-2DD1-4E2E-ABB6-0FFFE6563D03}.Release|Any CPU.Build.0 = Release|Any CPU
		{E7B3DDA4-BD63-4867-BA97-7CCC34E7150C}.Debug|Any CPU.ActiveCfg = Debug|Any CPU
		{E7B3DDA4-BD63-4867-BA97-7CCC34E7150C}.Debug|Any CPU.Build.0 = Debug|Any CPU
		{E7B3DDA4-BD63-4867-BA97-7CCC34E7150C}.Release|Any CPU.ActiveCfg = Release|Any CPU
		{E7B3DDA4-BD63-4867-BA97-7CCC34E7150C}.Release|Any CPU.Build.0 = Release|Any CPU
		{BF94E373-2627-43DB-95D8-CF259760135B}.Debug|Any CPU.ActiveCfg = Debug|Any CPU
		{BF94E373-2627-43DB-95D8-CF259760135B}.Debug|Any CPU.Build.0 = Debug|Any CPU
		{BF94E373-2627-43DB-95D8-CF259760135B}.Release|Any CPU.ActiveCfg = Release|Any CPU
		{BF94E373-2627-43DB-95D8-CF259760135B}.Release|Any CPU.Build.0 = Release|Any CPU
		{31B1CA10-4318-486A-BF58-C774A5D1A5C8}.Debug|Any CPU.ActiveCfg = Debug|Any CPU
		{31B1CA10-4318-486A-BF58-C774A5D1A5C8}.Debug|Any CPU.Build.0 = Debug|Any CPU
		{31B1CA10-4318-486A-BF58-C774A5D1A5C8}.Release|Any CPU.ActiveCfg = Release|Any CPU
		{31B1CA10-4318-486A-BF58-C774A5D1A5C8}.Release|Any CPU.Build.0 = Release|Any CPU
		{87B6CB94-6A18-4B4F-BCD3-879F0CAC7630}.Debug|Any CPU.ActiveCfg = Debug|Any CPU
		{87B6CB94-6A18-4B4F-BCD3-879F0CAC7630}.Debug|Any CPU.Build.0 = Debug|Any CPU
		{87B6CB94-6A18-4B4F-BCD3-879F0CAC7630}.Release|Any CPU.ActiveCfg = Release|Any CPU
		{87B6CB94-6A18-4B4F-BCD3-879F0CAC7630}.Release|Any CPU.Build.0 = Release|Any CPU
		{F202EBCE-9B3B-45D2-A9AA-9B1EF12D45AA}.Debug|Any CPU.ActiveCfg = Debug|Any CPU
		{F202EBCE-9B3B-45D2-A9AA-9B1EF12D45AA}.Debug|Any CPU.Build.0 = Debug|Any CPU
		{F202EBCE-9B3B-45D2-A9AA-9B1EF12D45AA}.Release|Any CPU.ActiveCfg = Release|Any CPU
		{F202EBCE-9B3B-45D2-A9AA-9B1EF12D45AA}.Release|Any CPU.Build.0 = Release|Any CPU
		{08F07FED-A1D0-435C-9D97-5985B36ECBAC}.Debug|Any CPU.ActiveCfg = Debug|Any CPU
		{08F07FED-A1D0-435C-9D97-5985B36ECBAC}.Debug|Any CPU.Build.0 = Debug|Any CPU
		{08F07FED-A1D0-435C-9D97-5985B36ECBAC}.Release|Any CPU.ActiveCfg = Release|Any CPU
		{08F07FED-A1D0-435C-9D97-5985B36ECBAC}.Release|Any CPU.Build.0 = Release|Any CPU
		{B6D4A3A5-EFD5-4E14-A03F-45ADA9F673DC}.Debug|Any CPU.ActiveCfg = Debug|Any CPU
		{B6D4A3A5-EFD5-4E14-A03F-45ADA9F673DC}.Debug|Any CPU.Build.0 = Debug|Any CPU
		{B6D4A3A5-EFD5-4E14-A03F-45ADA9F673DC}.Release|Any CPU.ActiveCfg = Release|Any CPU
		{B6D4A3A5-EFD5-4E14-A03F-45ADA9F673DC}.Release|Any CPU.Build.0 = Release|Any CPU
		{5D1B15BC-9E90-4DF0-B32F-6C7ECFB28943}.Debug|Any CPU.ActiveCfg = Debug|Any CPU
		{5D1B15BC-9E90-4DF0-B32F-6C7ECFB28943}.Debug|Any CPU.Build.0 = Debug|Any CPU
		{5D1B15BC-9E90-4DF0-B32F-6C7ECFB28943}.Release|Any CPU.ActiveCfg = Release|Any CPU
		{5D1B15BC-9E90-4DF0-B32F-6C7ECFB28943}.Release|Any CPU.Build.0 = Release|Any CPU
		{FA9FF47C-ABC1-4315-B094-2BEDEB5E879D}.Debug|Any CPU.ActiveCfg = Debug|Any CPU
		{FA9FF47C-ABC1-4315-B094-2BEDEB5E879D}.Debug|Any CPU.Build.0 = Debug|Any CPU
		{FA9FF47C-ABC1-4315-B094-2BEDEB5E879D}.Release|Any CPU.ActiveCfg = Release|Any CPU
		{FA9FF47C-ABC1-4315-B094-2BEDEB5E879D}.Release|Any CPU.Build.0 = Release|Any CPU
		{34745B42-25CA-4097-ADCA-45392E030F3F}.Debug|Any CPU.ActiveCfg = Debug|Any CPU
		{34745B42-25CA-4097-ADCA-45392E030F3F}.Debug|Any CPU.Build.0 = Debug|Any CPU
		{34745B42-25CA-4097-ADCA-45392E030F3F}.Release|Any CPU.ActiveCfg = Release|Any CPU
		{34745B42-25CA-4097-ADCA-45392E030F3F}.Release|Any CPU.Build.0 = Release|Any CPU
		{8125F15F-09F0-4B1D-B012-877E1AF9450E}.Debug|Any CPU.ActiveCfg = Debug|Any CPU
		{8125F15F-09F0-4B1D-B012-877E1AF9450E}.Debug|Any CPU.Build.0 = Debug|Any CPU
		{8125F15F-09F0-4B1D-B012-877E1AF9450E}.Release|Any CPU.ActiveCfg = Release|Any CPU
		{8125F15F-09F0-4B1D-B012-877E1AF9450E}.Release|Any CPU.Build.0 = Release|Any CPU
		{B9A0EC52-1068-4D70-9265-2243D99AA56C}.Debug|Any CPU.ActiveCfg = Debug|Any CPU
		{B9A0EC52-1068-4D70-9265-2243D99AA56C}.Debug|Any CPU.Build.0 = Debug|Any CPU
		{B9A0EC52-1068-4D70-9265-2243D99AA56C}.Release|Any CPU.ActiveCfg = Release|Any CPU
		{B9A0EC52-1068-4D70-9265-2243D99AA56C}.Release|Any CPU.Build.0 = Release|Any CPU
	EndGlobalSection
	GlobalSection(SolutionProperties) = preSolution
		HideSolutionNode = FALSE
	EndGlobalSection
EndGlobal
