
Microsoft Visual Studio Solution File, Format Version 12.00
# Visual Studio 14
VisualStudioVersion = 14.0.25420.1
MinimumVisualStudioVersion = 10.0.40219.1
Project("{FAE04EC0-301F-11D3-BF4B-00C04F79EFBC}") = "SquareArea", "SquareArea\SquareArea.csproj", "{EB247CCF-3166-4AE9-A4E3-672637B1158A}"
EndProject
Global
	GlobalSection(SolutionConfigurationPlatforms) = preSolution
		Debug|Any CPU = Debug|Any CPU
		Release|Any CPU = Release|Any CPU
	EndGlobalSection
	GlobalSection(ProjectConfigurationPlatforms) = postSolution
		{EB247CCF-3166-4AE9-A4E3-672637B1158A}.Debug|Any CPU.ActiveCfg = Debug|Any CPU
		{EB247CCF-3166-4AE9-A4E3-672637B1158A}.Debug|Any CPU.Build.0 = Debug|Any CPU
		{EB247CCF-3166-4AE9-A4E3-672637B1158A}.Release|Any CPU.ActiveCfg = Release|Any CPU
		{EB247CCF-3166-4AE9-A4E3-672637B1158A}.Release|Any CPU.Build.0 = Release|Any CPU
	EndGlobalSection
	GlobalSection(SolutionProperties) = preSolution
		HideSolutionNode = FALSE
	EndGlobalSection
EndGlobal
